{
    "name": "crimsondotjayes",
    "version": "0.0.1",
    "lockfileVersion": 3,
    "requires": true,
    "packages": {
        "": {
            "name": "crimsondotjayes",
            "version": "0.0.1",
            "dependencies": {
                "crimson.js": "file:../"
            }
        },
        "..": {
            "version": "0.0.1-dev",
            "license": "Artistic-2.0",
            "dependencies": {
                "msgpackr": "^1.8.5",
                "node-fetch": "^2.6.9",
                "ws": "^8.13.0"
            },
            "devDependencies": {
                "@types/node": "^18.15.12",
                "@types/node-fetch": "^2.6.3",
                "@types/ws": "^8.5.4",
                "tsup": "^6.7.0",
                "typedoc": "^0.24.6",
                "typescript": "^5.0.4"
            }
        },
        "node_modules/crimson.js": {
            "resolved": "..",
            "link": true
        }
    }
}
